
Microsoft Visual Studio Solution File, Format Version 12.00
# Visual Studio Version 16
VisualStudioVersion = 16.0.30907.101
MinimumVisualStudioVersion = 10.0.40219.1
Project("{FAE04EC0-301F-11D3-BF4B-00C04F79EFBC}") = "CheckMelli", "CheckMelli\CheckMelli.csproj", "{511F0BCC-CAA0-4C05-B710-1A5C1DF8E7EA}"
EndProject
Global
	GlobalSection(SolutionConfigurationPlatforms) = preSolution
		Debug|Any CPU = Debug|Any CPU
		Release|Any CPU = Release|Any CPU
	EndGlobalSection
	GlobalSection(ProjectConfigurationPlatforms) = postSolution
		{511F0BCC-CAA0-4C05-B710-1A5C1DF8E7EA}.Debug|Any CPU.ActiveCfg = Debug|Any CPU
		{511F0BCC-CAA0-4C05-B710-1A5C1DF8E7EA}.Debug|Any CPU.Build.0 = Debug|Any CPU
		{511F0BCC-CAA0-4C05-B710-1A5C1DF8E7EA}.Release|Any CPU.ActiveCfg = Release|Any CPU
		{511F0BCC-CAA0-4C05-B710-1A5C1DF8E7EA}.Release|Any CPU.Build.0 = Release|Any CPU
	EndGlobalSection
	GlobalSection(SolutionProperties) = preSolution
		HideSolutionNode = FALSE
	EndGlobalSection
	GlobalSection(ExtensibilityGlobals) = postSolution
		SolutionGuid = {B133D565-61E2-49A9-81C7-86510C0659A0}
	EndGlobalSection
EndGlobal
